
Microsoft Visual Studio Solution File, Format Version 12.00
# Visual Studio 15
VisualStudioVersion = 15.0.27703.2042
MinimumVisualStudioVersion = 10.0.40219.1
Project("{FAE04EC0-301F-11D3-BF4B-00C04F79EFBC}") = "WTFCar", "WTFCar\WTFCar.csproj", "{06AF77A5-CE7A-435C-9C40-B34C1879F00F}"
EndProject
Global
	GlobalSection(SolutionConfigurationPlatforms) = preSolution
		Debug|Any CPU = Debug|Any CPU
		Release|Any CPU = Release|Any CPU
	EndGlobalSection
	GlobalSection(ProjectConfigurationPlatforms) = postSolution
		{06AF77A5-CE7A-435C-9C40-B34C1879F00F}.Debug|Any CPU.ActiveCfg = Debug|Any CPU
		{06AF77A5-CE7A-435C-9C40-B34C1879F00F}.Debug|Any CPU.Build.0 = Debug|Any CPU
		{06AF77A5-CE7A-435C-9C40-B34C1879F00F}.Release|Any CPU.ActiveCfg = Debug|Any CPU
		{06AF77A5-CE7A-435C-9C40-B34C1879F00F}.Release|Any CPU.Build.0 = Debug|Any CPU
	EndGlobalSection
	GlobalSection(SolutionProperties) = preSolution
		HideSolutionNode = FALSE
	EndGlobalSection
	GlobalSection(ExtensibilityGlobals) = postSolution
		SolutionGuid = {D29B33AC-C6DC-43E5-9F84-126FF75027DC}
	EndGlobalSection
EndGlobal
